
Microsoft Visual Studio Solution File, Format Version 12.00
# Visual Studio Version 17
VisualStudioVersion = 17.0.31903.59
MinimumVisualStudioVersion = 10.0.40219.1
Project("{2150E333-8FDC-42A3-9474-1A3956D46DE8}") = "src", "src", "{2931D9B3-7D89-47B1-9EEE-A200CC42B128}"
EndProject
Project("{FAE04EC0-301F-11D3-BF4B-00C04F79EFBC}") = "Dora.Widget.Abstractions", "src\Dora.Widget.Abstractions\Dora.Widget.Abstractions.csproj", "{81E5F506-2AEA-43C6-8B51-75E71E1E095E}"
EndProject
Project("{FAE04EC0-301F-11D3-BF4B-00C04F79EFBC}") = "Dora.Widget.Host", "src\Dora.Widget.Host\Dora.Widget.Host.csproj", "{22AA6D10-D21E-4ECB-8C79-BA0B45E9B4D3}"
EndProject
Project("{FAE04EC0-301F-11D3-BF4B-00C04F79EFBC}") = "Dora.Widget.Runtime", "src\Dora.Widget.Runtime\Dora.Widget.Runtime.csproj", "{5985494E-0B4F-41F8-BAFD-B01A3249C50E}"
EndProject
Project("{FAE04EC0-301F-11D3-BF4B-00C04F79EFBC}") = "Dora.Widget.SDK", "src\Dora.Widget.SDK\Dora.Widget.SDK.csproj", "{B98EF5FA-FDF7-495F-AD2C-D8C6F7A6AE64}"
EndProject
Project("{2150E333-8FDC-42A3-9474-1A3956D46DE8}") = "tests", "tests", "{FF2E1071-B902-4AE4-9619-ED806991E6C0}"
EndProject
Project("{FAE04EC0-301F-11D3-BF4B-00C04F79EFBC}") = "Dora.Widget.Tests", "tests\Dora.Widget.Tests\Dora.Widget.Tests.csproj", "{3D739E37-2C49-4F6E-9BF1-541EB3A611DA}"
EndProject
Project("{2150E333-8FDC-42A3-9474-1A3956D46DE8}") = "samples", "samples", "{7458E522-FC06-4505-B697-D797B2A1721B}"
EndProject
Project("{FAE04EC0-301F-11D3-BF4B-00C04F79EFBC}") = "Clock.App", "samples\Clock\Clock.App\Clock.App.csproj", "{BE3E4645-B4C0-4D49-8C30-0D429E72C17D}"
EndProject
Project("{FAE04EC0-301F-11D3-BF4B-00C04F79EFBC}") = "Clock.Core", "samples\Clock\Clock.Core\Clock.Core.csproj", "{9845D374-6B02-4DFC-9279-130F3F57ED38}"
EndProject
Project("{FAE04EC0-301F-11D3-BF4B-00C04F79EFBC}") = "Clock.Presentation", "samples\Clock\Clock.Presentation\Clock.Presentation.csproj", "{463B91BB-E7A9-4082-AA7B-35160559C0F3}"
EndProject
Project("{FAE04EC0-301F-11D3-BF4B-00C04F79EFBC}") = "Clock.Widget", "samples\Clock\Clock.Widget\Clock.Widget.csproj", "{569BEB7C-1228-4079-9C9E-448FAC1B09E1}"
EndProject
Project("{FAE04EC0-301F-11D3-BF4B-00C04F79EFBC}") = "Counter.Widget", "samples\Counter\Counter.Widget\Counter.Widget.csproj", "{86757089-A466-44D4-9552-B1F58D2DE511}"
EndProject
Project("{FAE04EC0-301F-11D3-BF4B-00C04F79EFBC}") = "Dora.Widget.Host.Tests", "tests\Dora.Widget.Host.Tests\Dora.Widget.Host.Tests.csproj", "{09BF2BC1-C942-4887-BDBE-1B234D8159AF}"
EndProject
Project("{FAE04EC0-301F-11D3-BF4B-00C04F79EFBC}") = "DiskUsage.App", "samples\DiskUsage\DiskUsage.App\DiskUsage.App.csproj", "{B289A007-AD2A-4CDC-80CF-6879D0DC85C7}"
EndProject
Project("{FAE04EC0-301F-11D3-BF4B-00C04F79EFBC}") = "DiskUsage.Core", "samples\DiskUsage\DiskUsage.Core\DiskUsage.Core.csproj", "{337D0F7F-D179-43E1-AD29-FBF5C5DFB54D}"
EndProject
Project("{FAE04EC0-301F-11D3-BF4B-00C04F79EFBC}") = "DiskUsage.Presentation", "samples\DiskUsage\DiskUsage.Presentation\DiskUsage.Presentation.csproj", "{6D1C6F74-5B7B-4AC4-B100-69B162B41376}"
EndProject
Project("{FAE04EC0-301F-11D3-BF4B-00C04F79EFBC}") = "DiskUsage.Widget", "samples\DiskUsage\DiskUsage.Widget\DiskUsage.Widget.csproj", "{78A9321E-8AD9-4375-9549-B864CCDD7E0A}"
EndProject
Global
	GlobalSection(SolutionConfigurationPlatforms) = preSolution
		Debug|Any CPU = Debug|Any CPU
		Release|Any CPU = Release|Any CPU
	EndGlobalSection
	GlobalSection(SolutionProperties) = preSolution
		HideSolutionNode = FALSE
	EndGlobalSection
	GlobalSection(ProjectConfigurationPlatforms) = postSolution
		{81E5F506-2AEA-43C6-8B51-75E71E1E095E}.Debug|Any CPU.ActiveCfg = Debug|Any CPU
		{81E5F506-2AEA-43C6-8B51-75E71E1E095E}.Debug|Any CPU.Build.0 = Debug|Any CPU
		{81E5F506-2AEA-43C6-8B51-75E71E1E095E}.Release|Any CPU.ActiveCfg = Release|Any CPU
		{81E5F506-2AEA-43C6-8B51-75E71E1E095E}.Release|Any CPU.Build.0 = Release|Any CPU
		{22AA6D10-D21E-4ECB-8C79-BA0B45E9B4D3}.Debug|Any CPU.ActiveCfg = Debug|Any CPU
		{22AA6D10-D21E-4ECB-8C79-BA0B45E9B4D3}.Debug|Any CPU.Build.0 = Debug|Any CPU
		{22AA6D10-D21E-4ECB-8C79-BA0B45E9B4D3}.Release|Any CPU.ActiveCfg = Release|Any CPU
		{22AA6D10-D21E-4ECB-8C79-BA0B45E9B4D3}.Release|Any CPU.Build.0 = Release|Any CPU
		{5985494E-0B4F-41F8-BAFD-B01A3249C50E}.Debug|Any CPU.ActiveCfg = Debug|Any CPU
		{5985494E-0B4F-41F8-BAFD-B01A3249C50E}.Debug|Any CPU.Build.0 = Debug|Any CPU
		{5985494E-0B4F-41F8-BAFD-B01A3249C50E}.Release|Any CPU.ActiveCfg = Release|Any CPU
		{5985494E-0B4F-41F8-BAFD-B01A3249C50E}.Release|Any CPU.Build.0 = Release|Any CPU
		{B98EF5FA-FDF7-495F-AD2C-D8C6F7A6AE64}.Debug|Any CPU.ActiveCfg = Debug|Any CPU
		{B98EF5FA-FDF7-495F-AD2C-D8C6F7A6AE64}.Debug|Any CPU.Build.0 = Debug|Any CPU
		{B98EF5FA-FDF7-495F-AD2C-D8C6F7A6AE64}.Release|Any CPU.ActiveCfg = Release|Any CPU
		{B98EF5FA-FDF7-495F-AD2C-D8C6F7A6AE64}.Release|Any CPU.Build.0 = Release|Any CPU
		{3D739E37-2C49-4F6E-9BF1-541EB3A611DA}.Debug|Any CPU.ActiveCfg = Debug|Any CPU
		{3D739E37-2C49-4F6E-9BF1-541EB3A611DA}.Debug|Any CPU.Build.0 = Debug|Any CPU
		{3D739E37-2C49-4F6E-9BF1-541EB3A611DA}.Release|Any CPU.ActiveCfg = Release|Any CPU
		{3D739E37-2C49-4F6E-9BF1-541EB3A611DA}.Release|Any CPU.Build.0 = Release|Any CPU
		{BE3E4645-B4C0-4D49-8C30-0D429E72C17D}.Debug|Any CPU.ActiveCfg = Debug|Any CPU
		{BE3E4645-B4C0-4D49-8C30-0D429E72C17D}.Debug|Any CPU.Build.0 = Debug|Any CPU
		{BE3E4645-B4C0-4D49-8C30-0D429E72C17D}.Release|Any CPU.ActiveCfg = Release|Any CPU
		{BE3E4645-B4C0-4D49-8C30-0D429E72C17D}.Release|Any CPU.Build.0 = Release|Any CPU
		{9845D374-6B02-4DFC-9279-130F3F57ED38}.Debug|Any CPU.ActiveCfg = Debug|Any CPU
		{9845D374-6B02-4DFC-9279-130F3F57ED38}.Debug|Any CPU.Build.0 = Debug|Any CPU
		{9845D374-6B02-4DFC-9279-130F3F57ED38}.Release|Any CPU.ActiveCfg = Release|Any CPU
		{9845D374-6B02-4DFC-9279-130F3F57ED38}.Release|Any CPU.Build.0 = Release|Any CPU
		{463B91BB-E7A9-4082-AA7B-35160559C0F3}.Debug|Any CPU.ActiveCfg = Debug|Any CPU
		{463B91BB-E7A9-4082-AA7B-35160559C0F3}.Debug|Any CPU.Build.0 = Debug|Any CPU
		{463B91BB-E7A9-4082-AA7B-35160559C0F3}.Release|Any CPU.ActiveCfg = Release|Any CPU
		{463B91BB-E7A9-4082-AA7B-35160559C0F3}.Release|Any CPU.Build.0 = Release|Any CPU
		{569BEB7C-1228-4079-9C9E-448FAC1B09E1}.Debug|Any CPU.ActiveCfg = Debug|Any CPU
		{569BEB7C-1228-4079-9C9E-448FAC1B09E1}.Debug|Any CPU.Build.0 = Debug|Any CPU
		{569BEB7C-1228-4079-9C9E-448FAC1B09E1}.Release|Any CPU.ActiveCfg = Release|Any CPU
		{569BEB7C-1228-4079-9C9E-448FAC1B09E1}.Release|Any CPU.Build.0 = Release|Any CPU
		{86757089-A466-44D4-9552-B1F58D2DE511}.Debug|Any CPU.ActiveCfg = Debug|Any CPU
		{86757089-A466-44D4-9552-B1F58D2DE511}.Debug|Any CPU.Build.0 = Debug|Any CPU
		{86757089-A466-44D4-9552-B1F58D2DE511}.Release|Any CPU.ActiveCfg = Release|Any CPU
		{86757089-A466-44D4-9552-B1F58D2DE511}.Release|Any CPU.Build.0 = Release|Any CPU
		{09BF2BC1-C942-4887-BDBE-1B234D8159AF}.Debug|Any CPU.ActiveCfg = Debug|Any CPU
		{09BF2BC1-C942-4887-BDBE-1B234D8159AF}.Debug|Any CPU.Build.0 = Debug|Any CPU
		{09BF2BC1-C942-4887-BDBE-1B234D8159AF}.Release|Any CPU.ActiveCfg = Release|Any CPU
		{09BF2BC1-C942-4887-BDBE-1B234D8159AF}.Release|Any CPU.Build.0 = Release|Any CPU
		{B289A007-AD2A-4CDC-80CF-6879D0DC85C7}.Debug|Any CPU.ActiveCfg = Debug|Any CPU
		{B289A007-AD2A-4CDC-80CF-6879D0DC85C7}.Debug|Any CPU.Build.0 = Debug|Any CPU
		{B289A007-AD2A-4CDC-80CF-6879D0DC85C7}.Release|Any CPU.ActiveCfg = Release|Any CPU
		{B289A007-AD2A-4CDC-80CF-6879D0DC85C7}.Release|Any CPU.Build.0 = Release|Any CPU
		{337D0F7F-D179-43E1-AD29-FBF5C5DFB54D}.Debug|Any CPU.ActiveCfg = Debug|Any CPU
		{337D0F7F-D179-43E1-AD29-FBF5C5DFB54D}.Debug|Any CPU.Build.0 = Debug|Any CPU
		{337D0F7F-D179-43E1-AD29-FBF5C5DFB54D}.Release|Any CPU.ActiveCfg = Release|Any CPU
		{337D0F7F-D179-43E1-AD29-FBF5C5DFB54D}.Release|Any CPU.Build.0 = Release|Any CPU
		{6D1C6F74-5B7B-4AC4-B100-69B162B41376}.Debug|Any CPU.ActiveCfg = Debug|Any CPU
		{6D1C6F74-5B7B-4AC4-B100-69B162B41376}.Debug|Any CPU.Build.0 = Debug|Any CPU
		{6D1C6F74-5B7B-4AC4-B100-69B162B41376}.Release|Any CPU.ActiveCfg = Release|Any CPU
		{6D1C6F74-5B7B-4AC4-B100-69B162B41376}.Release|Any CPU.Build.0 = Release|Any CPU
		{78A9321E-8AD9-4375-9549-B864CCDD7E0A}.Debug|Any CPU.ActiveCfg = Debug|Any CPU
		{78A9321E-8AD9-4375-9549-B864CCDD7E0A}.Debug|Any CPU.Build.0 = Debug|Any CPU
		{78A9321E-8AD9-4375-9549-B864CCDD7E0A}.Release|Any CPU.ActiveCfg = Release|Any CPU
		{78A9321E-8AD9-4375-9549-B864CCDD7E0A}.Release|Any CPU.Build.0 = Release|Any CPU
	EndGlobalSection
	GlobalSection(NestedProjects) = preSolution
		{81E5F506-2AEA-43C6-8B51-75E71E1E095E} = {2931D9B3-7D89-47B1-9EEE-A200CC42B128}
		{22AA6D10-D21E-4ECB-8C79-BA0B45E9B4D3} = {2931D9B3-7D89-47B1-9EEE-A200CC42B128}
		{5985494E-0B4F-41F8-BAFD-B01A3249C50E} = {2931D9B3-7D89-47B1-9EEE-A200CC42B128}
		{B98EF5FA-FDF7-495F-AD2C-D8C6F7A6AE64} = {2931D9B3-7D89-47B1-9EEE-A200CC42B128}
		{3D739E37-2C49-4F6E-9BF1-541EB3A611DA} = {FF2E1071-B902-4AE4-9619-ED806991E6C0}
		{BE3E4645-B4C0-4D49-8C30-0D429E72C17D} = {7458E522-FC06-4505-B697-D797B2A1721B}
		{9845D374-6B02-4DFC-9279-130F3F57ED38} = {7458E522-FC06-4505-B697-D797B2A1721B}
		{463B91BB-E7A9-4082-AA7B-35160559C0F3} = {7458E522-FC06-4505-B697-D797B2A1721B}
		{569BEB7C-1228-4079-9C9E-448FAC1B09E1} = {7458E522-FC06-4505-B697-D797B2A1721B}
		{86757089-A466-44D4-9552-B1F58D2DE511} = {7458E522-FC06-4505-B697-D797B2A1721B}
		{09BF2BC1-C942-4887-BDBE-1B234D8159AF} = {FF2E1071-B902-4AE4-9619-ED806991E6C0}
		{B289A007-AD2A-4CDC-80CF-6879D0DC85C7} = {7458E522-FC06-4505-B697-D797B2A1721B}
		{337D0F7F-D179-43E1-AD29-FBF5C5DFB54D} = {7458E522-FC06-4505-B697-D797B2A1721B}
		{6D1C6F74-5B7B-4AC4-B100-69B162B41376} = {7458E522-FC06-4505-B697-D797B2A1721B}
		{78A9321E-8AD9-4375-9549-B864CCDD7E0A} = {7458E522-FC06-4505-B697-D797B2A1721B}
	EndGlobalSection
EndGlobal
